
Microsoft Visual Studio Solution File, Format Version 12.00
# Visual Studio Version 17
VisualStudioVersion = 17.5.002.0
MinimumVisualStudioVersion = 10.0.40219.1
Project("{2150E333-8FDC-42A3-9474-1A3956D46DE8}") = "sandbox", "sandbox", "{C1432595-B1D4-4720-BFE0-29501701C775}"
EndProject
Project("{9A19103F-16F7-4668-BE54-9A1E7A4F7556}") = "sandbox_project", "sandbox\sandbox_project\sandbox_project.csproj", "{7E88EEB2-92AE-4283-833F-973CC1F938F2}"
EndProject
Project("{2150E333-8FDC-42A3-9474-1A3956D46DE8}") = "week01", "week01", "{2F552CBA-7B5C-4009-8E27-D61AB6058D95}"
EndProject
Project("{9A19103F-16F7-4668-BE54-9A1E7A4F7556}") = "analyze", "week01\analyze\analyze.csproj", "{FCF69C07-6F04-4DCC-A58B-00ACE5CEC93E}"
EndProject
Project("{9A19103F-16F7-4668-BE54-9A1E7A4F7556}") = "code", "week01\code\code.csproj", "{5257AB34-5697-4330-901F-A409F9D4116F}"
EndProject
Project("{9A19103F-16F7-4668-BE54-9A1E7A4F7556}") = "teach", "week01\teach\teach.csproj", "{58DFEDC2-CC9D-475E-9284-6D8182DBF2C3}"
EndProject
Project("{2150E333-8FDC-42A3-9474-1A3956D46DE8}") = "week02", "week02", "{5AD61318-3D0F-4088-89F7-E32AA91000F1}"
EndProject
Project("{9A19103F-16F7-4668-BE54-9A1E7A4F7556}") = "analyze", "week02\analyze\analyze.csproj", "{3C83D054-8CBC-4339-B3B2-D818FB60F022}"
EndProject
Project("{9A19103F-16F7-4668-BE54-9A1E7A4F7556}") = "code", "week02\code\code.csproj", "{E5CFBEC3-8252-4050-B8CD-040250DF7CBF}"
EndProject
Project("{9A19103F-16F7-4668-BE54-9A1E7A4F7556}") = "learn", "week02\learn\learn.csproj", "{0EF3D4CF-3400-4DAD-A599-AAC004524A53}"
EndProject
Project("{9A19103F-16F7-4668-BE54-9A1E7A4F7556}") = "teach", "week02\teach\teach.csproj", "{AB939887-49D0-4EEE-98F2-5E175B302E5C}"
EndProject
Project("{2150E333-8FDC-42A3-9474-1A3956D46DE8}") = "week03", "week03", "{06FAE0A5-ADD8-4065-80A8-5513498C8CEC}"
EndProject
Project("{9A19103F-16F7-4668-BE54-9A1E7A4F7556}") = "code", "week03\code\code.csproj", "{DFF68664-0FCA-45DA-A251-1BBD50985169}"
EndProject
Project("{9A19103F-16F7-4668-BE54-9A1E7A4F7556}") = "learn", "week03\learn\learn.csproj", "{A73A78CF-D6AD-4233-9AAE-EA29EE5D3AE5}"
EndProject
Project("{9A19103F-16F7-4668-BE54-9A1E7A4F7556}") = "teach", "week03\teach\teach.csproj", "{0095D8C0-4F18-4077-9C87-8EE5FD85A419}"
EndProject
Project("{2150E333-8FDC-42A3-9474-1A3956D46DE8}") = "week04", "week04", "{C600B78A-09D6-4F78-8738-6FEB4E6B0DA8}"
EndProject
Project("{9A19103F-16F7-4668-BE54-9A1E7A4F7556}") = "code", "week04\code\code.csproj", "{DE9BAEAB-67FC-48EE-844C-E9B66B280910}"
EndProject
Project("{2150E333-8FDC-42A3-9474-1A3956D46DE8}") = "week05", "week05", "{0DA1B6DE-2A84-4700-9BD2-7AC28D022872}"
EndProject
Project("{9A19103F-16F7-4668-BE54-9A1E7A4F7556}") = "code", "week05\code\code.csproj", "{4B5C057C-6705-4491-9C8C-858400628516}"
EndProject
Project("{2150E333-8FDC-42A3-9474-1A3956D46DE8}") = "week06", "week06", "{FC130825-D883-4295-A88B-C840C49646DC}"
EndProject
Project("{9A19103F-16F7-4668-BE54-9A1E7A4F7556}") = "code", "week06\code\code.csproj", "{800EDB0C-6682-4BD8-990C-F106B395825D}"
EndProject
Global
	GlobalSection(SolutionConfigurationPlatforms) = preSolution
		Debug|Any CPU = Debug|Any CPU
		Release|Any CPU = Release|Any CPU
	EndGlobalSection
	GlobalSection(ProjectConfigurationPlatforms) = postSolution
		{7E88EEB2-92AE-4283-833F-973CC1F938F2}.Debug|Any CPU.ActiveCfg = Debug|Any CPU
		{7E88EEB2-92AE-4283-833F-973CC1F938F2}.Debug|Any CPU.Build.0 = Debug|Any CPU
		{7E88EEB2-92AE-4283-833F-973CC1F938F2}.Release|Any CPU.ActiveCfg = Release|Any CPU
		{7E88EEB2-92AE-4283-833F-973CC1F938F2}.Release|Any CPU.Build.0 = Release|Any CPU
		{FCF69C07-6F04-4DCC-A58B-00ACE5CEC93E}.Debug|Any CPU.ActiveCfg = Debug|Any CPU
		{FCF69C07-6F04-4DCC-A58B-00ACE5CEC93E}.Debug|Any CPU.Build.0 = Debug|Any CPU
		{FCF69C07-6F04-4DCC-A58B-00ACE5CEC93E}.Release|Any CPU.ActiveCfg = Release|Any CPU
		{FCF69C07-6F04-4DCC-A58B-00ACE5CEC93E}.Release|Any CPU.Build.0 = Release|Any CPU
		{5257AB34-5697-4330-901F-A409F9D4116F}.Debug|Any CPU.ActiveCfg = Debug|Any CPU
		{5257AB34-5697-4330-901F-A409F9D4116F}.Debug|Any CPU.Build.0 = Debug|Any CPU
		{5257AB34-5697-4330-901F-A409F9D4116F}.Release|Any CPU.ActiveCfg = Release|Any CPU
		{5257AB34-5697-4330-901F-A409F9D4116F}.Release|Any CPU.Build.0 = Release|Any CPU
		{58DFEDC2-CC9D-475E-9284-6D8182DBF2C3}.Debug|Any CPU.ActiveCfg = Debug|Any CPU
		{58DFEDC2-CC9D-475E-9284-6D8182DBF2C3}.Debug|Any CPU.Build.0 = Debug|Any CPU
		{58DFEDC2-CC9D-475E-9284-6D8182DBF2C3}.Release|Any CPU.ActiveCfg = Release|Any CPU
		{58DFEDC2-CC9D-475E-9284-6D8182DBF2C3}.Release|Any CPU.Build.0 = Release|Any CPU
		{3C83D054-8CBC-4339-B3B2-D818FB60F022}.Debug|Any CPU.ActiveCfg = Debug|Any CPU
		{3C83D054-8CBC-4339-B3B2-D818FB60F022}.Debug|Any CPU.Build.0 = Debug|Any CPU
		{3C83D054-8CBC-4339-B3B2-D818FB60F022}.Release|Any CPU.ActiveCfg = Release|Any CPU
		{3C83D054-8CBC-4339-B3B2-D818FB60F022}.Release|Any CPU.Build.0 = Release|Any CPU
		{E5CFBEC3-8252-4050-B8CD-040250DF7CBF}.Debug|Any CPU.ActiveCfg = Debug|Any CPU
		{E5CFBEC3-8252-4050-B8CD-040250DF7CBF}.Debug|Any CPU.Build.0 = Debug|Any CPU
		{E5CFBEC3-8252-4050-B8CD-040250DF7CBF}.Release|Any CPU.ActiveCfg = Release|Any CPU
		{E5CFBEC3-8252-4050-B8CD-040250DF7CBF}.Release|Any CPU.Build.0 = Release|Any CPU
		{0EF3D4CF-3400-4DAD-A599-AAC004524A53}.Debug|Any CPU.ActiveCfg = Debug|Any CPU
		{0EF3D4CF-3400-4DAD-A599-AAC004524A53}.Debug|Any CPU.Build.0 = Debug|Any CPU
		{0EF3D4CF-3400-4DAD-A599-AAC004524A53}.Release|Any CPU.ActiveCfg = Release|Any CPU
		{0EF3D4CF-3400-4DAD-A599-AAC004524A53}.Release|Any CPU.Build.0 = Release|Any CPU
		{AB939887-49D0-4EEE-98F2-5E175B302E5C}.Debug|Any CPU.ActiveCfg = Debug|Any CPU
		{AB939887-49D0-4EEE-98F2-5E175B302E5C}.Debug|Any CPU.Build.0 = Debug|Any CPU
		{AB939887-49D0-4EEE-98F2-5E175B302E5C}.Release|Any CPU.ActiveCfg = Release|Any CPU
		{AB939887-49D0-4EEE-98F2-5E175B302E5C}.Release|Any CPU.Build.0 = Release|Any CPU
		{DFF68664-0FCA-45DA-A251-1BBD50985169}.Debug|Any CPU.ActiveCfg = Debug|Any CPU
		{DFF68664-0FCA-45DA-A251-1BBD50985169}.Debug|Any CPU.Build.0 = Debug|Any CPU
		{DFF68664-0FCA-45DA-A251-1BBD50985169}.Release|Any CPU.ActiveCfg = Release|Any CPU
		{DFF68664-0FCA-45DA-A251-1BBD50985169}.Release|Any CPU.Build.0 = Release|Any CPU
		{A73A78CF-D6AD-4233-9AAE-EA29EE5D3AE5}.Debug|Any CPU.ActiveCfg = Debug|Any CPU
		{A73A78CF-D6AD-4233-9AAE-EA29EE5D3AE5}.Debug|Any CPU.Build.0 = Debug|Any CPU
		{A73A78CF-D6AD-4233-9AAE-EA29EE5D3AE5}.Release|Any CPU.ActiveCfg = Release|Any CPU
		{A73A78CF-D6AD-4233-9AAE-EA29EE5D3AE5}.Release|Any CPU.Build.0 = Release|Any CPU
		{0095D8C0-4F18-4077-9C87-8EE5FD85A419}.Debug|Any CPU.ActiveCfg = Debug|Any CPU
		{0095D8C0-4F18-4077-9C87-8EE5FD85A419}.Debug|Any CPU.Build.0 = Debug|Any CPU
		{0095D8C0-4F18-4077-9C87-8EE5FD85A419}.Release|Any CPU.ActiveCfg = Release|Any CPU
		{0095D8C0-4F18-4077-9C87-8EE5FD85A419}.Release|Any CPU.Build.0 = Release|Any CPU
		{DE9BAEAB-67FC-48EE-844C-E9B66B280910}.Debug|Any CPU.ActiveCfg = Debug|Any CPU
		{DE9BAEAB-67FC-48EE-844C-E9B66B280910}.Debug|Any CPU.Build.0 = Debug|Any CPU
		{DE9BAEAB-67FC-48EE-844C-E9B66B280910}.Release|Any CPU.ActiveCfg = Release|Any CPU
		{DE9BAEAB-67FC-48EE-844C-E9B66B280910}.Release|Any CPU.Build.0 = Release|Any CPU
		{4B5C057C-6705-4491-9C8C-858400628516}.Debug|Any CPU.ActiveCfg = Debug|Any CPU
		{4B5C057C-6705-4491-9C8C-858400628516}.Debug|Any CPU.Build.0 = Debug|Any CPU
		{4B5C057C-6705-4491-9C8C-858400628516}.Release|Any CPU.ActiveCfg = Release|Any CPU
		{4B5C057C-6705-4491-9C8C-858400628516}.Release|Any CPU.Build.0 = Release|Any CPU
		{800EDB0C-6682-4BD8-990C-F106B395825D}.Debug|Any CPU.ActiveCfg = Debug|Any CPU
		{800EDB0C-6682-4BD8-990C-F106B395825D}.Debug|Any CPU.Build.0 = Debug|Any CPU
		{800EDB0C-6682-4BD8-990C-F106B395825D}.Release|Any CPU.ActiveCfg = Release|Any CPU
		{800EDB0C-6682-4BD8-990C-F106B395825D}.Release|Any CPU.Build.0 = Release|Any CPU
	EndGlobalSection
	GlobalSection(SolutionProperties) = preSolution
		HideSolutionNode = FALSE
	EndGlobalSection
	GlobalSection(NestedProjects) = preSolution
		{7E88EEB2-92AE-4283-833F-973CC1F938F2} = {C1432595-B1D4-4720-BFE0-29501701C775}
		{FCF69C07-6F04-4DCC-A58B-00ACE5CEC93E} = {2F552CBA-7B5C-4009-8E27-D61AB6058D95}
		{5257AB34-5697-4330-901F-A409F9D4116F} = {2F552CBA-7B5C-4009-8E27-D61AB6058D95}
		{58DFEDC2-CC9D-475E-9284-6D8182DBF2C3} = {2F552CBA-7B5C-4009-8E27-D61AB6058D95}
		{3C83D054-8CBC-4339-B3B2-D818FB60F022} = {5AD61318-3D0F-4088-89F7-E32AA91000F1}
		{E5CFBEC3-8252-4050-B8CD-040250DF7CBF} = {5AD61318-3D0F-4088-89F7-E32AA91000F1}
		{0EF3D4CF-3400-4DAD-A599-AAC004524A53} = {5AD61318-3D0F-4088-89F7-E32AA91000F1}
		{AB939887-49D0-4EEE-98F2-5E175B302E5C} = {5AD61318-3D0F-4088-89F7-E32AA91000F1}
		{DFF68664-0FCA-45DA-A251-1BBD50985169} = {06FAE0A5-ADD8-4065-80A8-5513498C8CEC}
		{A73A78CF-D6AD-4233-9AAE-EA29EE5D3AE5} = {06FAE0A5-ADD8-4065-80A8-5513498C8CEC}
		{0095D8C0-4F18-4077-9C87-8EE5FD85A419} = {06FAE0A5-ADD8-4065-80A8-5513498C8CEC}
		{DE9BAEAB-67FC-48EE-844C-E9B66B280910} = {C600B78A-09D6-4F78-8738-6FEB4E6B0DA8}
		{4B5C057C-6705-4491-9C8C-858400628516} = {0DA1B6DE-2A84-4700-9BD2-7AC28D022872}
		{800EDB0C-6682-4BD8-990C-F106B395825D} = {FC130825-D883-4295-A88B-C840C49646DC}
	EndGlobalSection
	GlobalSection(ExtensibilityGlobals) = postSolution
		SolutionGuid = {67E6950D-0E23-4157-BF5F-A1AFA8C4AB44}
	EndGlobalSection
EndGlobal
